# This file was autogenerated by Stack.
# You should not edit this file by hand.
# For more information, please see the documentation at:
#   https://docs.haskellstack.org/en/stable/lock_files

packages:
- completed:
    hackage: X11-1.10.1@sha256:962d3bedba2d3463f24c278cf04e0694d7d231e7f3cec856bc7c9205e7068524,3705
    pantry-tree:
      size: 2860
      sha256: 0f5b3e653b46d3fd592886b294600da4d2eb09982ad63fb8bbc300f0c6fb5b9a
  original:
    hackage: X11-1.10.1@sha256:962d3bedba2d3463f24c278cf04e0694d7d231e7f3cec856bc7c9205e7068524,3705
- completed:
    hackage: iwlib-0.1.0@sha256:226e4582d6878166a172ff98c868e25c4ed478ab28ab493498e464b1fe19d39a,921
    pantry-tree:
      size: 259
      sha256: f867a93991b791adf4c65bb91f385effee7e18bd78d8e0a61fd03f42f6073705
  original:
    hackage: iwlib-0.1.0@sha256:226e4582d6878166a172ff98c868e25c4ed478ab28ab493498e464b1fe19d39a,921
- completed:
    hackage: netlink-1.1.1.0@sha256:d83424b5ba9921191449e4b1f53c7cba7f4375f2c55a9b737c77e982e1f40d00,3689
    pantry-tree:
      size: 1598
      sha256: 42a57a2db0d8b44e04a04905ed56994b7293d2f244595bf3e65480c36d114ac3
  original:
    hackage: netlink-1.1.1.0@sha256:d83424b5ba9921191449e4b1f53c7cba7f4375f2c55a9b737c77e982e1f40d00,3689
- completed:
    size: 103005
    url: https://github.com/xmonad/xmonad/archive/master@{today}.tar.gz
    name: xmonad
    version: 0.16.99999
    sha256: 33f90e929b6bafa9753ce2769c8ff27da9ad3cd6c47d63dcb28d35a6c64aa2ec
    pantry-tree:
      size: 3621
      sha256: 25f78618e4bb82f549e19de71fea31aa78baad2bf7ede3b17c417f5579b6f54f
  original:
    url: https://github.com/xmonad/xmonad/archive/master@{today}.tar.gz
snapshots:
- completed:
    size: 567677
    url: https://raw.githubusercontent.com/commercialhaskell/stackage-snapshots/master/lts/17/14.yaml
    sha256: 3740f22286bf5e6e3d82f88125e1c708b6e27847211f956b530aa5d83cf39383
  original: lts-17.14
