# This file was autogenerated by Stack.
# You should not edit this file by hand.
# For more information, please see the documentation at:
#   https://docs.haskellstack.org/en/stable/lock_files

packages:
- completed:
    hackage: dbus-1.2.12@sha256:6bcf6603762287a73941242b4b45827035672442ffc54ac7c8d381d49e2175e0,4829
    pantry-tree:
      size: 2795
      sha256: 4dabb3bf0b86adc529116f22cb552ebc68e05f41017bd266797694129716192f
  original:
    hackage: dbus-1.2.12
- completed:
    hackage: iwlib-0.1.0@sha256:226e4582d6878166a172ff98c868e25c4ed478ab28ab493498e464b1fe19d39a,921
    pantry-tree:
      size: 259
      sha256: f867a93991b791adf4c65bb91f385effee7e18bd78d8e0a61fd03f42f6073705
  original:
    hackage: iwlib-0.1.0
- completed:
    hackage: netlink-1.1.1.0@sha256:d83424b5ba9921191449e4b1f53c7cba7f4375f2c55a9b737c77e982e1f40d00,3689
    pantry-tree:
      size: 1598
      sha256: 42a57a2db0d8b44e04a04905ed56994b7293d2f244595bf3e65480c36d114ac3
  original:
    hackage: netlink-1.1.1.0
snapshots:
- completed:
    size: 491163
    url: https://raw.githubusercontent.com/commercialhaskell/stackage-snapshots/master/lts/15/4.yaml
    sha256: bc60043a06b58902b533baa80fb566c0ec495c41e428bc0f8c1e8c15b2a4c468
  original: lts-15.4
